
Microsoft Visual Studio Solution File, Format Version 12.00
# Visual Studio Version 16
VisualStudioVersion = 16.0.30011.22
MinimumVisualStudioVersion = 10.0.40219.1
Project("{FAE04EC0-301F-11D3-BF4B-00C04F79EFBC}") = "ConsolUI", "ConsolUI\ConsolUI.csproj", "{2B4E93D8-6D0C-4FDE-9398-B4A13180DF47}"
EndProject
Global
	GlobalSection(SolutionConfigurationPlatforms) = preSolution
		Debug|Any CPU = Debug|Any CPU
		Release|Any CPU = Release|Any CPU
	EndGlobalSection
	GlobalSection(ProjectConfigurationPlatforms) = postSolution
		{2B4E93D8-6D0C-4FDE-9398-B4A13180DF47}.Debug|Any CPU.ActiveCfg = Debug|Any CPU
		{2B4E93D8-6D0C-4FDE-9398-B4A13180DF47}.Debug|Any CPU.Build.0 = Debug|Any CPU
		{2B4E93D8-6D0C-4FDE-9398-B4A13180DF47}.Release|Any CPU.ActiveCfg = Release|Any CPU
		{2B4E93D8-6D0C-4FDE-9398-B4A13180DF47}.Release|Any CPU.Build.0 = Release|Any CPU
	EndGlobalSection
	GlobalSection(SolutionProperties) = preSolution
		HideSolutionNode = FALSE
	EndGlobalSection
	GlobalSection(ExtensibilityGlobals) = postSolution
		SolutionGuid = {2D83875A-73F6-4D76-8A68-BE22D6F2CD4F}
	EndGlobalSection
EndGlobal
